github.com/rhysd/abspath v0.0.0-20200817132137-9532ba017882 h1:dy3Z0t7VxcGJjmLnOdUGsZqvfe8EQaUe7TsXHXOpFT8=
github.com/rhysd/abspath v0.0.0-20200817132137-9532ba017882/go.mod h1:6lJvAsQlC7HHuw+YVkjhw+X12knsftTV2IO8AyTvC7I=
github.com/westarver/helper v0.0.0-20220801160916-316c8c0df1a6 h1:SnFKDjuL0IsFKW4NA8HDoLE3WqzDxIjJw8poxJrDQ8c=
github.com/westarver/helper v0.0.0-20220801160916-316c8c0df1a6/go.mod h1:oLPw43+DIOK1Alort4GbSTLkYOwZ9tWi5QYtLM20vIc=
github.com/westarver/tracer v0.0.0-20220701000543-23a9c7e36ece h1:+6LH4oICJJsyiY71+0a++iv1dsjbhcpB6Qe6qdkuDoQ=
github.com/westarver/tracer v0.0.0-20220701000543-23a9c7e36ece/go.mod h1:WMwNRet12riJL6soCMSUZi5hNPcde64BkTFuzbZmNmg=
